# THIS IS AN AUTOGENERATED FILE. DO NOT EDIT THIS FILE DIRECTLY.
# yarn lockfile v1


async-limiter@~1.0.0:
  version "1.0.0"
  resolved "http://registry.npm.taobao.org/async-limiter/download/async-limiter-1.0.0.tgz#78faed8c3d074ab81f22b4e985d79e8738f720f8"

ws@^5.1.1:
  version "5.1.1"
  resolved "http://registry.npm.taobao.org/ws/download/ws-5.1.1.tgz#1d43704689711ac1942fd2f283e38f825c4b8b95"
  dependencies:
    async-limiter "~1.0.0"
